
Microsoft Visual Studio Solution File, Format Version 12.00
# Visual Studio 15
VisualStudioVersion = 15.0.27428.1
MinimumVisualStudioVersion = 10.0.40219.1
Project("{FAE04EC0-301F-11D3-BF4B-00C04F79EFBC}") = "Chapter02_01", "Chapter02_01\Chapter02_01.csproj", "{B815098D-6054-450A-9EC3-3A58403D5C6F}"
EndProject
Global
	GlobalSection(SolutionConfigurationPlatforms) = preSolution
		Debug|Any CPU = Debug|Any CPU
		Release|Any CPU = Release|Any CPU
	EndGlobalSection
	GlobalSection(ProjectConfigurationPlatforms) = postSolution
		{B815098D-6054-450A-9EC3-3A58403D5C6F}.Debug|Any CPU.ActiveCfg = Debug|Any CPU
		{B815098D-6054-450A-9EC3-3A58403D5C6F}.Debug|Any CPU.Build.0 = Debug|Any CPU
		{B815098D-6054-450A-9EC3-3A58403D5C6F}.Release|Any CPU.ActiveCfg = Release|Any CPU
		{B815098D-6054-450A-9EC3-3A58403D5C6F}.Release|Any CPU.Build.0 = Release|Any CPU
	EndGlobalSection
	GlobalSection(SolutionProperties) = preSolution
		HideSolutionNode = FALSE
	EndGlobalSection
	GlobalSection(ExtensibilityGlobals) = postSolution
		SolutionGuid = {CC057494-F7D3-401E-A374-69F87D131F16}
	EndGlobalSection
EndGlobal
